
Microsoft Visual Studio Solution File, Format Version 12.00
# Visual Studio Version 16
VisualStudioVersion = 16.0.29326.143
MinimumVisualStudioVersion = 10.0.40219.1
Project("{FAE04EC0-301F-11D3-BF4B-00C04F79EFBC}") = "ToastmastersLoginPage", "ToastmastersLoginPage\ToastmastersLoginPage.csproj", "{B420CBCD-6CF2-4074-8286-1C87F52BAD7E}"
EndProject
Global
	GlobalSection(SolutionConfigurationPlatforms) = preSolution
		Debug|Any CPU = Debug|Any CPU
		Release|Any CPU = Release|Any CPU
	EndGlobalSection
	GlobalSection(ProjectConfigurationPlatforms) = postSolution
		{B420CBCD-6CF2-4074-8286-1C87F52BAD7E}.Debug|Any CPU.ActiveCfg = Debug|Any CPU
		{B420CBCD-6CF2-4074-8286-1C87F52BAD7E}.Debug|Any CPU.Build.0 = Debug|Any CPU
		{B420CBCD-6CF2-4074-8286-1C87F52BAD7E}.Release|Any CPU.ActiveCfg = Release|Any CPU
		{B420CBCD-6CF2-4074-8286-1C87F52BAD7E}.Release|Any CPU.Build.0 = Release|Any CPU
	EndGlobalSection
	GlobalSection(SolutionProperties) = preSolution
		HideSolutionNode = FALSE
	EndGlobalSection
	GlobalSection(ExtensibilityGlobals) = postSolution
		SolutionGuid = {9141E827-FFE4-420A-87BB-9AB2A4F26F27}
	EndGlobalSection
EndGlobal
